github.com/ld-2022/authorize v0.0.2-beta h1:BtL5fC6MuAP2pr4WYa/k8bbc0CUM63DrguGQBYdpnQQ=
github.com/ld-2022/authorize v0.0.2-beta/go.mod h1:ett/9xGMl3qZcUt4SAMIfN2Pf6AMwfXp3sb+OJnRRLU=
github.com/ld-2022/authorize v0.0.3-beta h1:ITuILmDv705qBLeW2Rb4H2XAJNKgFaj6RHrmhuTXqDM=
github.com/ld-2022/authorize v0.0.3-beta/go.mod h1:ett/9xGMl3qZcUt4SAMIfN2Pf6AMwfXp3sb+OJnRRLU=
github.com/ld-2022/authorize v0.0.4-beta h1:vP9ima11ASR9jmDrwelPQ7U1crl9lu1ETXKZXf0mlWk=
github.com/ld-2022/authorize v0.0.4-beta/go.mod h1:ett/9xGMl3qZcUt4SAMIfN2Pf6AMwfXp3sb+OJnRRLU=
github.com/ld-2022/authorize v0.0.5-beta h1:1k6uAgyUFSNIlRnx4K/m9p3LPiHRA9Yr/o4zHocQyhs=
github.com/ld-2022/authorize v0.0.5-beta/go.mod h1:ett/9xGMl3qZcUt4SAMIfN2Pf6AMwfXp3sb+OJnRRLU=
